<?xml version="1.0" encoding="utf-8"?>
<Project ToolsVersion="4.0" xmlns="http://schemas.microsoft.com/developer/msbuild/2003">
  <ItemGroup>
    <Filter Include="Headers">
      <UniqueIdentifier>{C196CD9C-2D76-4C38-368E-D70EA2ECB299}</UniqueIdentifier>
    </Filter>
    <Filter Include="src">
      <UniqueIdentifier>{2DAB880B-99B4-887C-2230-9F7C8E38947C}</UniqueIdentifier>
    </Filter>
  </ItemGroup>
  <ItemGroup>
    <ClInclude Include="include\headers\MouseHandler.h">
      <Filter>Headers</Filter>
    </ClInclude>
    <ClInclude Include="include\headers\Player.h">
      <Filter>Headers</Filter>
    </ClInclude>
    <ClInclude Include="include\headers\SDWINDOW.h">
      <Filter>Headers</Filter>
    </ClInclude>
    <ClInclude Include="include\headers\Transform.h">
      <Filter>Headers</Filter>
    </ClInclude>
    <ClInclude Include="include\headers\Vector2D.h">
      <Filter>Headers</Filter>
    </ClInclude>
    <ClInclude Include="include\headers\Clocker.h" />
    <ClInclude Include="include\headers\Gun.h" />
    <ClInclude Include="include\headers\RadToDegree.h" />
    <ClInclude Include="include\headers\Floor.h" />
    <ClInclude Include="include\headers\Gizmos.h" />
  </ItemGroup>
  <ItemGroup>
    <ClCompile Include="src\Main.cpp">
      <Filter>src</Filter>
    </ClCompile>
    <ClCompile Include="src\MouseHandler.cpp">
      <Filter>src</Filter>
    </ClCompile>
    <ClCompile Include="src\Player.cpp">
      <Filter>src</Filter>
    </ClCompile>
    <ClCompile Include="src\SDWINDOW.cpp">
      <Filter>src</Filter>
    </ClCompile>
    <ClCompile Include="src\transform.cpp">
      <Filter>src</Filter>
    </ClCompile>
    <ClCompile Include="src\vector2D.cpp">
      <Filter>src</Filter>
    </ClCompile>
    <ClCompile Include="src\clocker.cpp" />
    <ClCompile Include="src\gun.cpp" />
    <ClCompile Include="src\floor.cpp" />
    <ClCompile Include="src\gizmos.cpp" />
  </ItemGroup>
</Project>